
Microsoft Visual Studio Solution File, Format Version 12.00
# Visual Studio 15
VisualStudioVersion = 15.0.27004.2009
MinimumVisualStudioVersion = 10.0.40219.1
Project("{FAE04EC0-301F-11D3-BF4B-00C04F79EFBC}") = "01. Reverse String", "01. Reverse String\01. Reverse String.csproj", "{71BDA313-23B8-46A0-932F-049686DE1B6C}"
EndProject
Project("{FAE04EC0-301F-11D3-BF4B-00C04F79EFBC}") = "02. Count Substring Occurrences", "02. Count Substring Occurrences\02. Count Substring Occurrences.csproj", "{2113C3E7-5F0E-4BA2-B878-807256D76A65}"
EndProject
Project("{FAE04EC0-301F-11D3-BF4B-00C04F79EFBC}") = "03. Text Filter", "03. Text Filter\03. Text Filter.csproj", "{7A0A4494-AC09-4008-ABE9-F5020487BF33}"
EndProject
Project("{FAE04EC0-301F-11D3-BF4B-00C04F79EFBC}") = "04. Palindromes", "04. Palindromes\04. Palindromes.csproj", "{1529C750-BA84-439E-8E18-E4AC2E49A901}"
EndProject
Global
	GlobalSection(SolutionConfigurationPlatforms) = preSolution
		Debug|Any CPU = Debug|Any CPU
		Release|Any CPU = Release|Any CPU
	EndGlobalSection
	GlobalSection(ProjectConfigurationPlatforms) = postSolution
		{71BDA313-23B8-46A0-932F-049686DE1B6C}.Debug|Any CPU.ActiveCfg = Debug|Any CPU
		{71BDA313-23B8-46A0-932F-049686DE1B6C}.Debug|Any CPU.Build.0 = Debug|Any CPU
		{71BDA313-23B8-46A0-932F-049686DE1B6C}.Release|Any CPU.ActiveCfg = Release|Any CPU
		{71BDA313-23B8-46A0-932F-049686DE1B6C}.Release|Any CPU.Build.0 = Release|Any CPU
		{2113C3E7-5F0E-4BA2-B878-807256D76A65}.Debug|Any CPU.ActiveCfg = Debug|Any CPU
		{2113C3E7-5F0E-4BA2-B878-807256D76A65}.Debug|Any CPU.Build.0 = Debug|Any CPU
		{2113C3E7-5F0E-4BA2-B878-807256D76A65}.Release|Any CPU.ActiveCfg = Release|Any CPU
		{2113C3E7-5F0E-4BA2-B878-807256D76A65}.Release|Any CPU.Build.0 = Release|Any CPU
		{7A0A4494-AC09-4008-ABE9-F5020487BF33}.Debug|Any CPU.ActiveCfg = Debug|Any CPU
		{7A0A4494-AC09-4008-ABE9-F5020487BF33}.Debug|Any CPU.Build.0 = Debug|Any CPU
		{7A0A4494-AC09-4008-ABE9-F5020487BF33}.Release|Any CPU.ActiveCfg = Release|Any CPU
		{7A0A4494-AC09-4008-ABE9-F5020487BF33}.Release|Any CPU.Build.0 = Release|Any CPU
		{1529C750-BA84-439E-8E18-E4AC2E49A901}.Debug|Any CPU.ActiveCfg = Debug|Any CPU
		{1529C750-BA84-439E-8E18-E4AC2E49A901}.Debug|Any CPU.Build.0 = Debug|Any CPU
		{1529C750-BA84-439E-8E18-E4AC2E49A901}.Release|Any CPU.ActiveCfg = Release|Any CPU
		{1529C750-BA84-439E-8E18-E4AC2E49A901}.Release|Any CPU.Build.0 = Release|Any CPU
	EndGlobalSection
	GlobalSection(SolutionProperties) = preSolution
		HideSolutionNode = FALSE
	EndGlobalSection
	GlobalSection(ExtensibilityGlobals) = postSolution
		SolutionGuid = {67B15228-B439-4E72-B2FE-6515F8B905FB}
	EndGlobalSection
EndGlobal
