
Microsoft Visual Studio Solution File, Format Version 12.00
# Visual Studio 15
VisualStudioVersion = 15.0.27004.2009
MinimumVisualStudioVersion = 10.0.40219.1
Project("{FAE04EC0-301F-11D3-BF4B-00C04F79EFBC}") = "01.Debit Card Number", "01.Debit Card Number\01.Debit Card Number.csproj", "{468265A8-BE4D-4BA3-A527-6B924D534470}"
EndProject
Project("{FAE04EC0-301F-11D3-BF4B-00C04F79EFBC}") = "02.Rectangle Area", "02.Rectangle Area\02.Rectangle Area.csproj", "{62C171DD-91B7-4B86-83B8-C6B34611D96F}"
EndProject
Project("{FAE04EC0-301F-11D3-BF4B-00C04F79EFBC}") = "03.MilesToKm", "03.MilesToKm\03.MilesToKm.csproj", "{250082DA-7D53-4521-A17D-E540064BE777}"
EndProject
Project("{FAE04EC0-301F-11D3-BF4B-00C04F79EFBC}") = "04. Beverage Labels", "4. Beverage Labels\04. Beverage Labels.csproj", "{C1B9C32A-2F38-4329-AB87-E51A55090D7D}"
EndProject
Project("{FAE04EC0-301F-11D3-BF4B-00C04F79EFBC}") = "05.Character Stats", "05.Character Stats\05.Character Stats.csproj", "{2DCDE5BD-822A-401B-BC8F-F14FA05F797C}"
EndProject
Global
	GlobalSection(SolutionConfigurationPlatforms) = preSolution
		Debug|Any CPU = Debug|Any CPU
		Release|Any CPU = Release|Any CPU
	EndGlobalSection
	GlobalSection(ProjectConfigurationPlatforms) = postSolution
		{468265A8-BE4D-4BA3-A527-6B924D534470}.Debug|Any CPU.ActiveCfg = Debug|Any CPU
		{468265A8-BE4D-4BA3-A527-6B924D534470}.Debug|Any CPU.Build.0 = Debug|Any CPU
		{468265A8-BE4D-4BA3-A527-6B924D534470}.Release|Any CPU.ActiveCfg = Release|Any CPU
		{468265A8-BE4D-4BA3-A527-6B924D534470}.Release|Any CPU.Build.0 = Release|Any CPU
		{62C171DD-91B7-4B86-83B8-C6B34611D96F}.Debug|Any CPU.ActiveCfg = Debug|Any CPU
		{62C171DD-91B7-4B86-83B8-C6B34611D96F}.Debug|Any CPU.Build.0 = Debug|Any CPU
		{62C171DD-91B7-4B86-83B8-C6B34611D96F}.Release|Any CPU.ActiveCfg = Release|Any CPU
		{62C171DD-91B7-4B86-83B8-C6B34611D96F}.Release|Any CPU.Build.0 = Release|Any CPU
		{250082DA-7D53-4521-A17D-E540064BE777}.Debug|Any CPU.ActiveCfg = Debug|Any CPU
		{250082DA-7D53-4521-A17D-E540064BE777}.Debug|Any CPU.Build.0 = Debug|Any CPU
		{250082DA-7D53-4521-A17D-E540064BE777}.Release|Any CPU.ActiveCfg = Release|Any CPU
		{250082DA-7D53-4521-A17D-E540064BE777}.Release|Any CPU.Build.0 = Release|Any CPU
		{C1B9C32A-2F38-4329-AB87-E51A55090D7D}.Debug|Any CPU.ActiveCfg = Debug|Any CPU
		{C1B9C32A-2F38-4329-AB87-E51A55090D7D}.Debug|Any CPU.Build.0 = Debug|Any CPU
		{C1B9C32A-2F38-4329-AB87-E51A55090D7D}.Release|Any CPU.ActiveCfg = Release|Any CPU
		{C1B9C32A-2F38-4329-AB87-E51A55090D7D}.Release|Any CPU.Build.0 = Release|Any CPU
		{2DCDE5BD-822A-401B-BC8F-F14FA05F797C}.Debug|Any CPU.ActiveCfg = Debug|Any CPU
		{2DCDE5BD-822A-401B-BC8F-F14FA05F797C}.Debug|Any CPU.Build.0 = Debug|Any CPU
		{2DCDE5BD-822A-401B-BC8F-F14FA05F797C}.Release|Any CPU.ActiveCfg = Release|Any CPU
		{2DCDE5BD-822A-401B-BC8F-F14FA05F797C}.Release|Any CPU.Build.0 = Release|Any CPU
	EndGlobalSection
	GlobalSection(SolutionProperties) = preSolution
		HideSolutionNode = FALSE
	EndGlobalSection
	GlobalSection(ExtensibilityGlobals) = postSolution
		SolutionGuid = {DBAF8078-60BB-4FCE-B2C5-DC83CF82DBB3}
	EndGlobalSection
EndGlobal
