
Microsoft Visual Studio Solution File, Format Version 12.00
# Visual Studio 15
VisualStudioVersion = 15.0.27004.2009
MinimumVisualStudioVersion = 10.0.40219.1
Project("{FAE04EC0-301F-11D3-BF4B-00C04F79EFBC}") = "01. Trainers", "01. Trainers\01. Trainers.csproj", "{50885678-AA4A-41FC-B461-52C72F6577B4}"
EndProject
Project("{FAE04EC0-301F-11D3-BF4B-00C04F79EFBC}") = "02. Entertrain", "02. Entertrain\02. Entertrain.csproj", "{6FBDDFFE-FFC7-4CCB-BFD0-F138A602DCA0}"
EndProject
Project("{FAE04EC0-301F-11D3-BF4B-00C04F79EFBC}") = "03. Trainegram", "03. Trainegram\03. Trainegram.csproj", "{93BBDBF9-C5F5-4233-88EE-88A5FA2B00AC}"
EndProject
Project("{FAE04EC0-301F-11D3-BF4B-00C04F79EFBC}") = "04. Trainlands", "04. Trainlands\04. Trainlands.csproj", "{976710FA-C4BD-4E7B-A981-A31EF82EC12E}"
EndProject
Global
	GlobalSection(SolutionConfigurationPlatforms) = preSolution
		Debug|Any CPU = Debug|Any CPU
		Release|Any CPU = Release|Any CPU
	EndGlobalSection
	GlobalSection(ProjectConfigurationPlatforms) = postSolution
		{50885678-AA4A-41FC-B461-52C72F6577B4}.Debug|Any CPU.ActiveCfg = Debug|Any CPU
		{50885678-AA4A-41FC-B461-52C72F6577B4}.Debug|Any CPU.Build.0 = Debug|Any CPU
		{50885678-AA4A-41FC-B461-52C72F6577B4}.Release|Any CPU.ActiveCfg = Release|Any CPU
		{50885678-AA4A-41FC-B461-52C72F6577B4}.Release|Any CPU.Build.0 = Release|Any CPU
		{6FBDDFFE-FFC7-4CCB-BFD0-F138A602DCA0}.Debug|Any CPU.ActiveCfg = Debug|Any CPU
		{6FBDDFFE-FFC7-4CCB-BFD0-F138A602DCA0}.Debug|Any CPU.Build.0 = Debug|Any CPU
		{6FBDDFFE-FFC7-4CCB-BFD0-F138A602DCA0}.Release|Any CPU.ActiveCfg = Release|Any CPU
		{6FBDDFFE-FFC7-4CCB-BFD0-F138A602DCA0}.Release|Any CPU.Build.0 = Release|Any CPU
		{93BBDBF9-C5F5-4233-88EE-88A5FA2B00AC}.Debug|Any CPU.ActiveCfg = Debug|Any CPU
		{93BBDBF9-C5F5-4233-88EE-88A5FA2B00AC}.Debug|Any CPU.Build.0 = Debug|Any CPU
		{93BBDBF9-C5F5-4233-88EE-88A5FA2B00AC}.Release|Any CPU.ActiveCfg = Release|Any CPU
		{93BBDBF9-C5F5-4233-88EE-88A5FA2B00AC}.Release|Any CPU.Build.0 = Release|Any CPU
		{976710FA-C4BD-4E7B-A981-A31EF82EC12E}.Debug|Any CPU.ActiveCfg = Debug|Any CPU
		{976710FA-C4BD-4E7B-A981-A31EF82EC12E}.Debug|Any CPU.Build.0 = Debug|Any CPU
		{976710FA-C4BD-4E7B-A981-A31EF82EC12E}.Release|Any CPU.ActiveCfg = Release|Any CPU
		{976710FA-C4BD-4E7B-A981-A31EF82EC12E}.Release|Any CPU.Build.0 = Release|Any CPU
	EndGlobalSection
	GlobalSection(SolutionProperties) = preSolution
		HideSolutionNode = FALSE
	EndGlobalSection
	GlobalSection(ExtensibilityGlobals) = postSolution
		SolutionGuid = {8561D422-32A4-4F21-9B35-933186FD9FF8}
	EndGlobalSection
EndGlobal
